
Microsoft Visual Studio Solution File, Format Version 12.00
# Visual Studio Version 17
VisualStudioVersion = 17.5.33530.505
MinimumVisualStudioVersion = 10.0.40219.1
Project("{FAE04EC0-301F-11D3-BF4B-00C04F79EFBC}") = "WebAPI", "WebAPI\WebAPI.csproj", "{FE7960C4-6AFE-4285-82FC-46E678C07D16}"
EndProject
Global
	GlobalSection(SolutionConfigurationPlatforms) = preSolution
		Debug|Any CPU = Debug|Any CPU
		Release|Any CPU = Release|Any CPU
	EndGlobalSection
	GlobalSection(ProjectConfigurationPlatforms) = postSolution
		{FE7960C4-6AFE-4285-82FC-46E678C07D16}.Debug|Any CPU.ActiveCfg = Debug|Any CPU
		{FE7960C4-6AFE-4285-82FC-46E678C07D16}.Debug|Any CPU.Build.0 = Debug|Any CPU
		{FE7960C4-6AFE-4285-82FC-46E678C07D16}.Release|Any CPU.ActiveCfg = Release|Any CPU
		{FE7960C4-6AFE-4285-82FC-46E678C07D16}.Release|Any CPU.Build.0 = Release|Any CPU
	EndGlobalSection
	GlobalSection(SolutionProperties) = preSolution
		HideSolutionNode = FALSE
	EndGlobalSection
	GlobalSection(ExtensibilityGlobals) = postSolution
		SolutionGuid = {1EBCB645-1361-40AA-914F-BFAC13D15767}
	EndGlobalSection
EndGlobal
